
Microsoft Visual Studio Solution File, Format Version 12.00
# Visual Studio Version 17
VisualStudioVersion = 17.7.34031.279
MinimumVisualStudioVersion = 10.0.40219.1
Project("{FAE04EC0-301F-11D3-BF4B-00C04F79EFBC}") = "HW1215", "HW1215\HW1215.csproj", "{9F62AC75-A873-4BDA-A80B-0E7DA012DE7B}"
EndProject
Global
	GlobalSection(SolutionConfigurationPlatforms) = preSolution
		Debug|Any CPU = Debug|Any CPU
		Release|Any CPU = Release|Any CPU
	EndGlobalSection
	GlobalSection(ProjectConfigurationPlatforms) = postSolution
		{9F62AC75-A873-4BDA-A80B-0E7DA012DE7B}.Debug|Any CPU.ActiveCfg = Debug|Any CPU
		{9F62AC75-A873-4BDA-A80B-0E7DA012DE7B}.Debug|Any CPU.Build.0 = Debug|Any CPU
		{9F62AC75-A873-4BDA-A80B-0E7DA012DE7B}.Release|Any CPU.ActiveCfg = Release|Any CPU
		{9F62AC75-A873-4BDA-A80B-0E7DA012DE7B}.Release|Any CPU.Build.0 = Release|Any CPU
	EndGlobalSection
	GlobalSection(SolutionProperties) = preSolution
		HideSolutionNode = FALSE
	EndGlobalSection
	GlobalSection(ExtensibilityGlobals) = postSolution
		SolutionGuid = {42D74C10-EEE3-40AA-8DBA-326DD18387F4}
	EndGlobalSection
EndGlobal
